
Microsoft Visual Studio Solution File, Format Version 12.00
# Visual Studio Version 17
VisualStudioVersion = 17.7.34031.279
MinimumVisualStudioVersion = 10.0.40219.1
Project("{FAE04EC0-301F-11D3-BF4B-00C04F79EFBC}") = "Calculator_Mez_Sam", "Calculator_Mez_Sam\Calculator_Mez_Sam.csproj", "{3F546E76-78E6-4885-8E25-288217E1CB25}"
EndProject
Global
	GlobalSection(SolutionConfigurationPlatforms) = preSolution
		Debug|Any CPU = Debug|Any CPU
		Release|Any CPU = Release|Any CPU
	EndGlobalSection
	GlobalSection(ProjectConfigurationPlatforms) = postSolution
		{3F546E76-78E6-4885-8E25-288217E1CB25}.Debug|Any CPU.ActiveCfg = Debug|Any CPU
		{3F546E76-78E6-4885-8E25-288217E1CB25}.Debug|Any CPU.Build.0 = Debug|Any CPU
		{3F546E76-78E6-4885-8E25-288217E1CB25}.Release|Any CPU.ActiveCfg = Release|Any CPU
		{3F546E76-78E6-4885-8E25-288217E1CB25}.Release|Any CPU.Build.0 = Release|Any CPU
	EndGlobalSection
	GlobalSection(SolutionProperties) = preSolution
		HideSolutionNode = FALSE
	EndGlobalSection
	GlobalSection(ExtensibilityGlobals) = postSolution
		SolutionGuid = {8DA40A5A-FADE-41A5-A6D2-12921F624607}
	EndGlobalSection
EndGlobal
